// !$*UTF8*$!
{
	archiveVersion = 1;
	classes = {
	};
	objectVersion = 50;
	objects = {

/* Begin PBXBuildFile section */
		3C29A85622CF416C00590932 /* TBZodiacCardViewController.m in Sources */ = {isa = PBXBuildFile; fileRef = 3C29A85522CF416C00590932 /* TBZodiacCardViewController.m */; };
		3C29A85922CF41A100590932 /* TBZodiacCardViewModel.m in Sources */ = {isa = PBXBuildFile; fileRef = 3C29A85822CF41A100590932 /* TBZodiacCardViewModel.m */; };
		3C29A85C22CF511F00590932 /* TBZodiacCardCollectionViewCell.m in Sources */ = {isa = PBXBuildFile; fileRef = 3C29A85B22CF511F00590932 /* TBZodiacCardCollectionViewCell.m */; };
		3C29A85F22D0897100590932 /* TBZodiacCardModel.m in Sources */ = {isa = PBXBuildFile; fileRef = 3C29A85E22D0897100590932 /* TBZodiacCardModel.m */; };
		3C29A87322D0912A00590932 /* ico_card_dragon.png in Resources */ = {isa = PBXBuildFile; fileRef = 3C29A86222D0912900590932 /* ico_card_dragon.png */; };
		3C29A87422D0912A00590932 /* ico_card_chicken.png in Resources */ = {isa = PBXBuildFile; fileRef = 3C29A86322D0912900590932 /* ico_card_chicken.png */; };
		3C29A87522D0912A00590932 /* ico_card_3.png in Resources */ = {isa = PBXBuildFile; fileRef = 3C29A86422D0912900590932 /* ico_card_3.png */; };
		3C29A87622D0912A00590932 /* ico_card_mouse.png in Resources */ = {isa = PBXBuildFile; fileRef = 3C29A86522D0912900590932 /* ico_card_mouse.png */; };
		3C29A87722D0912A00590932 /* ico_card_pig.png in Resources */ = {isa = PBXBuildFile; fileRef = 3C29A86622D0912900590932 /* ico_card_pig.png */; };
		3C29A87822D0912A00590932 /* ico_card_rabbit.png in Resources */ = {isa = PBXBuildFile; fileRef = 3C29A86722D0912900590932 /* ico_card_rabbit.png */; };
		3C29A87922D0912A00590932 /* ico_card_tiger.png in Resources */ = {isa = PBXBuildFile; fileRef = 3C29A86822D0912900590932 /* ico_card_tiger.png */; };
		3C29A87A22D0912A00590932 /* ico_card_1.png in Resources */ = {isa = PBXBuildFile; fileRef = 3C29A86922D0912900590932 /* ico_card_1.png */; };
		3C29A87B22D0912A00590932 /* ico_card_5.png in Resources */ = {isa = PBXBuildFile; fileRef = 3C29A86A22D0912900590932 /* ico_card_5.png */; };
		3C29A87C22D0912A00590932 /* ico_card_sheep.png in Resources */ = {isa = PBXBuildFile; fileRef = 3C29A86B22D0912900590932 /* ico_card_sheep.png */; };
		3C29A87D22D0912A00590932 /* ico_card_monkey.png in Resources */ = {isa = PBXBuildFile; fileRef = 3C29A86C22D0912900590932 /* ico_card_monkey.png */; };
		3C29A87E22D0912A00590932 /* ico_card_snake.png in Resources */ = {isa = PBXBuildFile; fileRef = 3C29A86D22D0912900590932 /* ico_card_snake.png */; };
		3C29A87F22D0912A00590932 /* ico_card_horse.png in Resources */ = {isa = PBXBuildFile; fileRef = 3C29A86E22D0912900590932 /* ico_card_horse.png */; };
		3C29A88022D0912A00590932 /* ico_card_4.png in Resources */ = {isa = PBXBuildFile; fileRef = 3C29A86F22D0912900590932 /* ico_card_4.png */; };
		3C29A88122D0912A00590932 /* ico_card_cow.png in Resources */ = {isa = PBXBuildFile; fileRef = 3C29A87022D0912900590932 /* ico_card_cow.png */; };
		3C29A88222D0912A00590932 /* ico_card_dog.png in Resources */ = {isa = PBXBuildFile; fileRef = 3C29A87122D0912900590932 /* ico_card_dog.png */; };
		3C29A88322D0912A00590932 /* ico_card_2.png in Resources */ = {isa = PBXBuildFile; fileRef = 3C29A87222D0912A00590932 /* ico_card_2.png */; };
		3CE273CD22C4A0B100E9C496 /* AppDelegate.m in Sources */ = {isa = PBXBuildFile; fileRef = 3CE273CC22C4A0B100E9C496 /* AppDelegate.m */; };
		3CE273D322C4A0B100E9C496 /* Main.storyboard in Resources */ = {isa = PBXBuildFile; fileRef = 3CE273D122C4A0B100E9C496 /* Main.storyboard */; };
		3CE273D522C4A0B300E9C496 /* Assets.xcassets in Resources */ = {isa = PBXBuildFile; fileRef = 3CE273D422C4A0B300E9C496 /* Assets.xcassets */; };
		3CE273D822C4A0B300E9C496 /* LaunchScreen.storyboard in Resources */ = {isa = PBXBuildFile; fileRef = 3CE273D622C4A0B300E9C496 /* LaunchScreen.storyboard */; };
		3CE273DB22C4A0B300E9C496 /* main.m in Sources */ = {isa = PBXBuildFile; fileRef = 3CE273DA22C4A0B300E9C496 /* main.m */; };
		3CE273E522C4A0B300E9C496 /* ToolBoxTests.m in Sources */ = {isa = PBXBuildFile; fileRef = 3CE273E422C4A0B300E9C496 /* ToolBoxTests.m */; };
		3CE273F022C4A0B300E9C496 /* ToolBoxUITests.m in Sources */ = {isa = PBXBuildFile; fileRef = 3CE273EF22C4A0B300E9C496 /* ToolBoxUITests.m */; };
		3CE2740722C5E83900E9C496 /* TBLoverCodeViewController.m in Sources */ = {isa = PBXBuildFile; fileRef = 3CE2740622C5E83900E9C496 /* TBLoverCodeViewController.m */; };
		3CE2740B22C9D39000E9C496 /* TBLoverCodeViewModel.m in Sources */ = {isa = PBXBuildFile; fileRef = 3CE2740A22C9D39000E9C496 /* TBLoverCodeViewModel.m */; };
		3CE2740E22C9DCA400E9C496 /* TBLoverCodeCollectionViewCell.m in Sources */ = {isa = PBXBuildFile; fileRef = 3CE2740D22C9DCA400E9C496 /* TBLoverCodeCollectionViewCell.m */; };
		3CE2741122C9EF3E00E9C496 /* TBToolBoxsViewController.m in Sources */ = {isa = PBXBuildFile; fileRef = 3CE2741022C9EF3E00E9C496 /* TBToolBoxsViewController.m */; };
		3CE2741422C9F87400E9C496 /* TBBriefIntroductionView.m in Sources */ = {isa = PBXBuildFile; fileRef = 3CE2741322C9F87400E9C496 /* TBBriefIntroductionView.m */; };
		3CE2741722CA039E00E9C496 /* TBToolBoxsViewModel.m in Sources */ = {isa = PBXBuildFile; fileRef = 3CE2741622CA039E00E9C496 /* TBToolBoxsViewModel.m */; };
		3CE2741A22CA048C00E9C496 /* TBToolBoxsCollectionViewCell.m in Sources */ = {isa = PBXBuildFile; fileRef = 3CE2741922CA048C00E9C496 /* TBToolBoxsCollectionViewCell.m */; };
		3CE2741D22CB321800E9C496 /* TBSexSelectButton.m in Sources */ = {isa = PBXBuildFile; fileRef = 3CE2741C22CB321800E9C496 /* TBSexSelectButton.m */; };
		3CE2742022CB32C000E9C496 /* TBBirthdaySelectButton.m in Sources */ = {isa = PBXBuildFile; fileRef = 3CE2741F22CB32C000E9C496 /* TBBirthdaySelectButton.m */; };
		3CE2742322CB594F00E9C496 /* TBLoverCodeModel.m in Sources */ = {isa = PBXBuildFile; fileRef = 3CE2742222CB594F00E9C496 /* TBLoverCodeModel.m */; };
		8E5D38AD19C2999E2B75F1EC /* libPods-ToolBox.a in Frameworks */ = {isa = PBXBuildFile; fileRef = FF4D1A52CABF0A79531D125D /* libPods-ToolBox.a */; };
/* End PBXBuildFile section */

/* Begin PBXContainerItemProxy section */
		3CE273E122C4A0B300E9C496 /* PBXContainerItemProxy */ = {
			isa = PBXContainerItemProxy;
			containerPortal = 3CE273C022C4A0B100E9C496 /* Project object */;
			proxyType = 1;
			remoteGlobalIDString = 3CE273C722C4A0B100E9C496;
			remoteInfo = ToolBox;
		};
		3CE273EC22C4A0B300E9C496 /* PBXContainerItemProxy */ = {
			isa = PBXContainerItemProxy;
			containerPortal = 3CE273C022C4A0B100E9C496 /* Project object */;
			proxyType = 1;
			remoteGlobalIDString = 3CE273C722C4A0B100E9C496;
			remoteInfo = ToolBox;
		};
/* End PBXContainerItemProxy section */

/* Begin PBXFileReference section */
		3C29A85422CF416C00590932 /* TBZodiacCardViewController.h */ = {isa = PBXFileReference; lastKnownFileType = sourcecode.c.h; path = TBZodiacCardViewController.h; sourceTree = "<group>"; };
		3C29A85522CF416C00590932 /* TBZodiacCardViewController.m */ = {isa = PBXFileReference; lastKnownFileType = sourcecode.c.objc; path = TBZodiacCardViewController.m; sourceTree = "<group>"; };
		3C29A85722CF41A100590932 /* TBZodiacCardViewModel.h */ = {isa = PBXFileReference; lastKnownFileType = sourcecode.c.h; path = TBZodiacCardViewModel.h; sourceTree = "<group>"; };
		3C29A85822CF41A100590932 /* TBZodiacCardViewModel.m */ = {isa = PBXFileReference; lastKnownFileType = sourcecode.c.objc; path = TBZodiacCardViewModel.m; sourceTree = "<group>"; };
		3C29A85A22CF511F00590932 /* TBZodiacCardCollectionViewCell.h */ = {isa = PBXFileReference; lastKnownFileType = sourcecode.c.h; path = TBZodiacCardCollectionViewCell.h; sourceTree = "<group>"; };
		3C29A85B22CF511F00590932 /* TBZodiacCardCollectionViewCell.m */ = {isa = PBXFileReference; lastKnownFileType = sourcecode.c.objc; path = TBZodiacCardCollectionViewCell.m; sourceTree = "<group>"; };
		3C29A85D22D0897100590932 /* TBZodiacCardModel.h */ = {isa = PBXFileReference; lastKnownFileType = sourcecode.c.h; path = TBZodiacCardModel.h; sourceTree = "<group>"; };
		3C29A85E22D0897100590932 /* TBZodiacCardModel.m */ = {isa = PBXFileReference; lastKnownFileType = sourcecode.c.objc; path = TBZodiacCardModel.m; sourceTree = "<group>"; };
		3C29A86222D0912900590932 /* ico_card_dragon.png */ = {isa = PBXFileReference; lastKnownFileType = image.png; path = ico_card_dragon.png; sourceTree = "<group>"; };
		3C29A86322D0912900590932 /* ico_card_chicken.png */ = {isa = PBXFileReference; lastKnownFileType = image.png; path = ico_card_chicken.png; sourceTree = "<group>"; };
		3C29A86422D0912900590932 /* ico_card_3.png */ = {isa = PBXFileReference; lastKnownFileType = image.png; path = ico_card_3.png; sourceTree = "<group>"; };
		3C29A86522D0912900590932 /* ico_card_mouse.png */ = {isa = PBXFileReference; lastKnownFileType = image.png; path = ico_card_mouse.png; sourceTree = "<group>"; };
		3C29A86622D0912900590932 /* ico_card_pig.png */ = {isa = PBXFileReference; lastKnownFileType = image.png; path = ico_card_pig.png; sourceTree = "<group>"; };
		3C29A86722D0912900590932 /* ico_card_rabbit.png */ = {isa = PBXFileReference; lastKnownFileType = image.png; path = ico_card_rabbit.png; sourceTree = "<group>"; };
		3C29A86822D0912900590932 /* ico_card_tiger.png */ = {isa = PBXFileReference; lastKnownFileType = image.png; path = ico_card_tiger.png; sourceTree = "<group>"; };
		3C29A86922D0912900590932 /* ico_card_1.png */ = {isa = PBXFileReference; lastKnownFileType = image.png; path = ico_card_1.png; sourceTree = "<group>"; };
		3C29A86A22D0912900590932 /* ico_card_5.png */ = {isa = PBXFileReference; lastKnownFileType = image.png; path = ico_card_5.png; sourceTree = "<group>"; };
		3C29A86B22D0912900590932 /* ico_card_sheep.png */ = {isa = PBXFileReference; lastKnownFileType = image.png; path = ico_card_sheep.png; sourceTree = "<group>"; };
		3C29A86C22D0912900590932 /* ico_card_monkey.png */ = {isa = PBXFileReference; lastKnownFileType = image.png; path = ico_card_monkey.png; sourceTree = "<group>"; };
		3C29A86D22D0912900590932 /* ico_card_snake.png */ = {isa = PBXFileReference; lastKnownFileType = image.png; path = ico_card_snake.png; sourceTree = "<group>"; };
		3C29A86E22D0912900590932 /* ico_card_horse.png */ = {isa = PBXFileReference; lastKnownFileType = image.png; path = ico_card_horse.png; sourceTree = "<group>"; };
		3C29A86F22D0912900590932 /* ico_card_4.png */ = {isa = PBXFileReference; lastKnownFileType = image.png; path = ico_card_4.png; sourceTree = "<group>"; };
		3C29A87022D0912900590932 /* ico_card_cow.png */ = {isa = PBXFileReference; lastKnownFileType = image.png; path = ico_card_cow.png; sourceTree = "<group>"; };
		3C29A87122D0912900590932 /* ico_card_dog.png */ = {isa = PBXFileReference; lastKnownFileType = image.png; path = ico_card_dog.png; sourceTree = "<group>"; };
		3C29A87222D0912A00590932 /* ico_card_2.png */ = {isa = PBXFileReference; lastKnownFileType = image.png; path = ico_card_2.png; sourceTree = "<group>"; };
		3CE273C822C4A0B100E9C496 /* ToolBox.app */ = {isa = PBXFileReference; explicitFileType = wrapper.application; includeInIndex = 0; path = ToolBox.app; sourceTree = BUILT_PRODUCTS_DIR; };
		3CE273CB22C4A0B100E9C496 /* AppDelegate.h */ = {isa = PBXFileReference; lastKnownFileType = sourcecode.c.h; path = AppDelegate.h; sourceTree = "<group>"; };
		3CE273CC22C4A0B100E9C496 /* AppDelegate.m */ = {isa = PBXFileReference; lastKnownFileType = sourcecode.c.objc; path = AppDelegate.m; sourceTree = "<group>"; };
		3CE273D222C4A0B100E9C496 /* Base */ = {isa = PBXFileReference; lastKnownFileType = file.storyboard; name = Base; path = Base.lproj/Main.storyboard; sourceTree = "<group>"; };
		3CE273D422C4A0B300E9C496 /* Assets.xcassets */ = {isa = PBXFileReference; lastKnownFileType = folder.assetcatalog; path = Assets.xcassets; sourceTree = "<group>"; };
		3CE273D722C4A0B300E9C496 /* Base */ = {isa = PBXFileReference; lastKnownFileType = file.storyboard; name = Base; path = Base.lproj/LaunchScreen.storyboard; sourceTree = "<group>"; };
		3CE273D922C4A0B300E9C496 /* Info.plist */ = {isa = PBXFileReference; lastKnownFileType = text.plist.xml; path = Info.plist; sourceTree = "<group>"; };
		3CE273DA22C4A0B300E9C496 /* main.m */ = {isa = PBXFileReference; lastKnownFileType = sourcecode.c.objc; path = main.m; sourceTree = "<group>"; };
		3CE273E022C4A0B300E9C496 /* ToolBoxTests.xctest */ = {isa = PBXFileReference; explicitFileType = wrapper.cfbundle; includeInIndex = 0; path = ToolBoxTests.xctest; sourceTree = BUILT_PRODUCTS_DIR; };
		3CE273E422C4A0B300E9C496 /* ToolBoxTests.m */ = {isa = PBXFileReference; lastKnownFileType = sourcecode.c.objc; path = ToolBoxTests.m; sourceTree = "<group>"; };
		3CE273E622C4A0B300E9C496 /* Info.plist */ = {isa = PBXFileReference; lastKnownFileType = text.plist.xml; path = Info.plist; sourceTree = "<group>"; };
		3CE273EB22C4A0B300E9C496 /* ToolBoxUITests.xctest */ = {isa = PBXFileReference; explicitFileType = wrapper.cfbundle; includeInIndex = 0; path = ToolBoxUITests.xctest; sourceTree = BUILT_PRODUCTS_DIR; };
		3CE273EF22C4A0B300E9C496 /* ToolBoxUITests.m */ = {isa = PBXFileReference; lastKnownFileType = sourcecode.c.objc; path = ToolBoxUITests.m; sourceTree = "<group>"; };
		3CE273F122C4A0B300E9C496 /* Info.plist */ = {isa = PBXFileReference; lastKnownFileType = text.plist.xml; path = Info.plist; sourceTree = "<group>"; };
		3CE2740522C5E83900E9C496 /* TBLoverCodeViewController.h */ = {isa = PBXFileReference; lastKnownFileType = sourcecode.c.h; path = TBLoverCodeViewController.h; sourceTree = "<group>"; };
		3CE2740622C5E83900E9C496 /* TBLoverCodeViewController.m */ = {isa = PBXFileReference; lastKnownFileType = sourcecode.c.objc; path = TBLoverCodeViewController.m; sourceTree = "<group>"; };
		3CE2740822C60DEA00E9C496 /* PrefixHeader.pch */ = {isa = PBXFileReference; lastKnownFileType = sourcecode.c.h; path = PrefixHeader.pch; sourceTree = "<group>"; };
		3CE2740922C9D39000E9C496 /* TBLoverCodeViewModel.h */ = {isa = PBXFileReference; lastKnownFileType = sourcecode.c.h; path = TBLoverCodeViewModel.h; sourceTree = "<group>"; };
		3CE2740A22C9D39000E9C496 /* TBLoverCodeViewModel.m */ = {isa = PBXFileReference; lastKnownFileType = sourcecode.c.objc; path = TBLoverCodeViewModel.m; sourceTree = "<group>"; };
		3CE2740C22C9DCA400E9C496 /* TBLoverCodeCollectionViewCell.h */ = {isa = PBXFileReference; lastKnownFileType = sourcecode.c.h; path = TBLoverCodeCollectionViewCell.h; sourceTree = "<group>"; };
		3CE2740D22C9DCA400E9C496 /* TBLoverCodeCollectionViewCell.m */ = {isa = PBXFileReference; lastKnownFileType = sourcecode.c.objc; path = TBLoverCodeCollectionViewCell.m; sourceTree = "<group>"; };
		3CE2740F22C9EF3E00E9C496 /* TBToolBoxsViewController.h */ = {isa = PBXFileReference; lastKnownFileType = sourcecode.c.h; path = TBToolBoxsViewController.h; sourceTree = "<group>"; };
		3CE2741022C9EF3E00E9C496 /* TBToolBoxsViewController.m */ = {isa = PBXFileReference; lastKnownFileType = sourcecode.c.objc; path = TBToolBoxsViewController.m; sourceTree = "<group>"; };
		3CE2741222C9F87400E9C496 /* TBBriefIntroductionView.h */ = {isa = PBXFileReference; lastKnownFileType = sourcecode.c.h; path = TBBriefIntroductionView.h; sourceTree = "<group>"; };
		3CE2741322C9F87400E9C496 /* TBBriefIntroductionView.m */ = {isa = PBXFileReference; lastKnownFileType = sourcecode.c.objc; path = TBBriefIntroductionView.m; sourceTree = "<group>"; };
		3CE2741522CA039E00E9C496 /* TBToolBoxsViewModel.h */ = {isa = PBXFileReference; lastKnownFileType = sourcecode.c.h; path = TBToolBoxsViewModel.h; sourceTree = "<group>"; };
		3CE2741622CA039E00E9C496 /* TBToolBoxsViewModel.m */ = {isa = PBXFileReference; lastKnownFileType = sourcecode.c.objc; path = TBToolBoxsViewModel.m; sourceTree = "<group>"; };
		3CE2741822CA048C00E9C496 /* TBToolBoxsCollectionViewCell.h */ = {isa = PBXFileReference; lastKnownFileType = sourcecode.c.h; path = TBToolBoxsCollectionViewCell.h; sourceTree = "<group>"; };
		3CE2741922CA048C00E9C496 /* TBToolBoxsCollectionViewCell.m */ = {isa = PBXFileReference; lastKnownFileType = sourcecode.c.objc; path = TBToolBoxsCollectionViewCell.m; sourceTree = "<group>"; };
		3CE2741B22CB321800E9C496 /* TBSexSelectButton.h */ = {isa = PBXFileReference; lastKnownFileType = sourcecode.c.h; path = TBSexSelectButton.h; sourceTree = "<group>"; };
		3CE2741C22CB321800E9C496 /* TBSexSelectButton.m */ = {isa = PBXFileReference; lastKnownFileType = sourcecode.c.objc; path = TBSexSelectButton.m; sourceTree = "<group>"; };
		3CE2741E22CB32C000E9C496 /* TBBirthdaySelectButton.h */ = {isa = PBXFileReference; lastKnownFileType = sourcecode.c.h; path = TBBirthdaySelectButton.h; sourceTree = "<group>"; };
		3CE2741F22CB32C000E9C496 /* TBBirthdaySelectButton.m */ = {isa = PBXFileReference; lastKnownFileType = sourcecode.c.objc; path = TBBirthdaySelectButton.m; sourceTree = "<group>"; };
		3CE2742122CB594F00E9C496 /* TBLoverCodeModel.h */ = {isa = PBXFileReference; lastKnownFileType = sourcecode.c.h; path = TBLoverCodeModel.h; sourceTree = "<group>"; };
		3CE2742222CB594F00E9C496 /* TBLoverCodeModel.m */ = {isa = PBXFileReference; lastKnownFileType = sourcecode.c.objc; path = TBLoverCodeModel.m; sourceTree = "<group>"; };
		4A758942E9D0DBA58C2FF8C3 /* Pods-ToolBox.release.xcconfig */ = {isa = PBXFileReference; includeInIndex = 1; lastKnownFileType = text.xcconfig; name = "Pods-ToolBox.release.xcconfig"; path = "Pods/Target Support Files/Pods-ToolBox/Pods-ToolBox.release.xcconfig"; sourceTree = "<group>"; };
		B269C2C1105BB6958D387820 /* Pods-ToolBox.debug.xcconfig */ = {isa = PBXFileReference; includeInIndex = 1; lastKnownFileType = text.xcconfig; name = "Pods-ToolBox.debug.xcconfig"; path = "Pods/Target Support Files/Pods-ToolBox/Pods-ToolBox.debug.xcconfig"; sourceTree = "<group>"; };
		FF4D1A52CABF0A79531D125D /* libPods-ToolBox.a */ = {isa = PBXFileReference; explicitFileType = archive.ar; includeInIndex = 0; path = "libPods-ToolBox.a"; sourceTree = BUILT_PRODUCTS_DIR; };
/* End PBXFileReference section */

/* Begin PBXFrameworksBuildPhase section */
		3CE273C522C4A0B100E9C496 /* Frameworks */ = {
			isa = PBXFrameworksBuildPhase;
			buildActionMask = 2147483647;
			files = (
				8E5D38AD19C2999E2B75F1EC /* libPods-ToolBox.a in Frameworks */,
			);
			runOnlyForDeploymentPostprocessing = 0;
		};
		3CE273DD22C4A0B300E9C496 /* Frameworks */ = {
			isa = PBXFrameworksBuildPhase;
			buildActionMask = 2147483647;
			files = (
			);
			runOnlyForDeploymentPostprocessing = 0;
		};
		3CE273E822C4A0B300E9C496 /* Frameworks */ = {
			isa = PBXFrameworksBuildPhase;
			buildActionMask = 2147483647;
			files = (
			);
			runOnlyForDeploymentPostprocessing = 0;
		};
/* End PBXFrameworksBuildPhase section */

/* Begin PBXGroup section */
		3C29A86022D0911800590932 /* Resource */ = {
			isa = PBXGroup;
			children = (
				3C29A86122D0911800590932 /* Images */,
			);
			path = Resource;
			sourceTree = "<group>";
		};
		3C29A86122D0911800590932 /* Images */ = {
			isa = PBXGroup;
			children = (
				3C29A86922D0912900590932 /* ico_card_1.png */,
				3C29A87222D0912A00590932 /* ico_card_2.png */,
				3C29A86422D0912900590932 /* ico_card_3.png */,
				3C29A86F22D0912900590932 /* ico_card_4.png */,
				3C29A86A22D0912900590932 /* ico_card_5.png */,
				3C29A86322D0912900590932 /* ico_card_chicken.png */,
				3C29A87022D0912900590932 /* ico_card_cow.png */,
				3C29A87122D0912900590932 /* ico_card_dog.png */,
				3C29A86222D0912900590932 /* ico_card_dragon.png */,
				3C29A86E22D0912900590932 /* ico_card_horse.png */,
				3C29A86C22D0912900590932 /* ico_card_monkey.png */,
				3C29A86522D0912900590932 /* ico_card_mouse.png */,
				3C29A86622D0912900590932 /* ico_card_pig.png */,
				3C29A86722D0912900590932 /* ico_card_rabbit.png */,
				3C29A86B22D0912900590932 /* ico_card_sheep.png */,
				3C29A86D22D0912900590932 /* ico_card_snake.png */,
				3C29A86822D0912900590932 /* ico_card_tiger.png */,
			);
			path = Images;
			sourceTree = "<group>";
		};
		3CE273BF22C4A0B100E9C496 = {
			isa = PBXGroup;
			children = (
				3CE273CA22C4A0B100E9C496 /* ToolBox */,
				3CE273E322C4A0B300E9C496 /* ToolBoxTests */,
				3CE273EE22C4A0B300E9C496 /* ToolBoxUITests */,
				3CE273C922C4A0B100E9C496 /* Products */,
				70336EAC4031A04F065852D0 /* Pods */,
				90D2F11B6BC7A5987EA05DBE /* Frameworks */,
			);
			sourceTree = "<group>";
		};
		3CE273C922C4A0B100E9C496 /* Products */ = {
			isa = PBXGroup;
			children = (
				3CE273C822C4A0B100E9C496 /* ToolBox.app */,
				3CE273E022C4A0B300E9C496 /* ToolBoxTests.xctest */,
				3CE273EB22C4A0B300E9C496 /* ToolBoxUITests.xctest */,
			);
			name = Products;
			sourceTree = "<group>";
		};
		3CE273CA22C4A0B100E9C496 /* ToolBox */ = {
			isa = PBXGroup;
			children = (
				3CE273FF22C4A75200E9C496 /* AppDelegate */,
				3CE273FE22C4A6FB00E9C496 /* ToolBox */,
				3CE273FD22C4A6F000E9C496 /* Resource */,
				3CE2740422C4BB5B00E9C496 /* Other */,
			);
			path = ToolBox;
			sourceTree = "<group>";
		};
		3CE273E322C4A0B300E9C496 /* ToolBoxTests */ = {
			isa = PBXGroup;
			children = (
				3CE273E422C4A0B300E9C496 /* ToolBoxTests.m */,
				3CE273E622C4A0B300E9C496 /* Info.plist */,
			);
			path = ToolBoxTests;
			sourceTree = "<group>";
		};
		3CE273EE22C4A0B300E9C496 /* ToolBoxUITests */ = {
			isa = PBXGroup;
			children = (
				3CE273EF22C4A0B300E9C496 /* ToolBoxUITests.m */,
				3CE273F122C4A0B300E9C496 /* Info.plist */,
			);
			path = ToolBoxUITests;
			sourceTree = "<group>";
		};
		3CE273FD22C4A6F000E9C496 /* Resource */ = {
			isa = PBXGroup;
			children = (
				3CE273D422C4A0B300E9C496 /* Assets.xcassets */,
				3CE273D922C4A0B300E9C496 /* Info.plist */,
				3CE273DA22C4A0B300E9C496 /* main.m */,
				3CE273D122C4A0B100E9C496 /* Main.storyboard */,
				3CE273D622C4A0B300E9C496 /* LaunchScreen.storyboard */,
				3CE2740822C60DEA00E9C496 /* PrefixHeader.pch */,
			);
			path = Resource;
			sourceTree = "<group>";
		};
		3CE273FE22C4A6FB00E9C496 /* ToolBox */ = {
			isa = PBXGroup;
			children = (
				3C29A86022D0911800590932 /* Resource */,
				3CE2740122C4BAF300E9C496 /* Controller */,
				3CE2740222C4BAF300E9C496 /* Model */,
				3CE2740322C4BAF400E9C496 /* View */,
				3CE2740022C4BAF300E9C496 /* ViewModel */,
			);
			path = ToolBox;
			sourceTree = "<group>";
		};
		3CE273FF22C4A75200E9C496 /* AppDelegate */ = {
			isa = PBXGroup;
			children = (
				3CE273CB22C4A0B100E9C496 /* AppDelegate.h */,
				3CE273CC22C4A0B100E9C496 /* AppDelegate.m */,
			);
			path = AppDelegate;
			sourceTree = "<group>";
		};
		3CE2740022C4BAF300E9C496 /* ViewModel */ = {
			isa = PBXGroup;
			children = (
				3CE2741522CA039E00E9C496 /* TBToolBoxsViewModel.h */,
				3CE2741622CA039E00E9C496 /* TBToolBoxsViewModel.m */,
				3CE2740922C9D39000E9C496 /* TBLoverCodeViewModel.h */,
				3CE2740A22C9D39000E9C496 /* TBLoverCodeViewModel.m */,
				3C29A85722CF41A100590932 /* TBZodiacCardViewModel.h */,
				3C29A85822CF41A100590932 /* TBZodiacCardViewModel.m */,
			);
			path = ViewModel;
			sourceTree = "<group>";
		};
		3CE2740122C4BAF300E9C496 /* Controller */ = {
			isa = PBXGroup;
			children = (
				3CE2740F22C9EF3E00E9C496 /* TBToolBoxsViewController.h */,
				3CE2741022C9EF3E00E9C496 /* TBToolBoxsViewController.m */,
				3CE2740522C5E83900E9C496 /* TBLoverCodeViewController.h */,
				3CE2740622C5E83900E9C496 /* TBLoverCodeViewController.m */,
				3C29A85422CF416C00590932 /* TBZodiacCardViewController.h */,
				3C29A85522CF416C00590932 /* TBZodiacCardViewController.m */,
			);
			path = Controller;
			sourceTree = "<group>";
		};
		3CE2740222C4BAF300E9C496 /* Model */ = {
			isa = PBXGroup;
			children = (
				3CE2742122CB594F00E9C496 /* TBLoverCodeModel.h */,
				3CE2742222CB594F00E9C496 /* TBLoverCodeModel.m */,
				3C29A85D22D0897100590932 /* TBZodiacCardModel.h */,
				3C29A85E22D0897100590932 /* TBZodiacCardModel.m */,
			);
			path = Model;
			sourceTree = "<group>";
		};
		3CE2740322C4BAF400E9C496 /* View */ = {
			isa = PBXGroup;
			children = (
				3CE2740C22C9DCA400E9C496 /* TBLoverCodeCollectionViewCell.h */,
				3CE2740D22C9DCA400E9C496 /* TBLoverCodeCollectionViewCell.m */,
				3CE2741222C9F87400E9C496 /* TBBriefIntroductionView.h */,
				3CE2741322C9F87400E9C496 /* TBBriefIntroductionView.m */,
				3CE2741822CA048C00E9C496 /* TBToolBoxsCollectionViewCell.h */,
				3CE2741922CA048C00E9C496 /* TBToolBoxsCollectionViewCell.m */,
				3CE2741B22CB321800E9C496 /* TBSexSelectButton.h */,
				3CE2741C22CB321800E9C496 /* TBSexSelectButton.m */,
				3CE2741E22CB32C000E9C496 /* TBBirthdaySelectButton.h */,
				3CE2741F22CB32C000E9C496 /* TBBirthdaySelectButton.m */,
				3C29A85A22CF511F00590932 /* TBZodiacCardCollectionViewCell.h */,
				3C29A85B22CF511F00590932 /* TBZodiacCardCollectionViewCell.m */,
			);
			path = View;
			sourceTree = "<group>";
		};
		3CE2740422C4BB5B00E9C496 /* Other */ = {
			isa = PBXGroup;
			children = (
			);
			path = Other;
			sourceTree = "<group>";
		};
		70336EAC4031A04F065852D0 /* Pods */ = {
			isa = PBXGroup;
			children = (
				B269C2C1105BB6958D387820 /* Pods-ToolBox.debug.xcconfig */,
				4A758942E9D0DBA58C2FF8C3 /* Pods-ToolBox.release.xcconfig */,
			);
			name = Pods;
			sourceTree = "<group>";
		};
		90D2F11B6BC7A5987EA05DBE /* Frameworks */ = {
			isa = PBXGroup;
			children = (
				FF4D1A52CABF0A79531D125D /* libPods-ToolBox.a */,
			);
			name = Frameworks;
			sourceTree = "<group>";
		};
/* End PBXGroup section */

/* Begin PBXNativeTarget section */
		3CE273C722C4A0B100E9C496 /* ToolBox */ = {
			isa = PBXNativeTarget;
			buildConfigurationList = 3CE273F422C4A0B300E9C496 /* Build configuration list for PBXNativeTarget "ToolBox" */;
			buildPhases = (
				2E9C332F854C0CB1D849977C /* [CP] Check Pods Manifest.lock */,
				3CE273C422C4A0B100E9C496 /* Sources */,
				3CE273C522C4A0B100E9C496 /* Frameworks */,
				3CE273C622C4A0B100E9C496 /* Resources */,
				C1BFC8A50DD0DD4936251D7E /* [CP] Copy Pods Resources */,
			);
			buildRules = (
			);
			dependencies = (
			);
			name = ToolBox;
			productName = ToolBox;
			productReference = 3CE273C822C4A0B100E9C496 /* ToolBox.app */;
			productType = "com.apple.product-type.application";
		};
		3CE273DF22C4A0B300E9C496 /* ToolBoxTests */ = {
			isa = PBXNativeTarget;
			buildConfigurationList = 3CE273F722C4A0B300E9C496 /* Build configuration list for PBXNativeTarget "ToolBoxTests" */;
			buildPhases = (
				3CE273DC22C4A0B300E9C496 /* Sources */,
				3CE273DD22C4A0B300E9C496 /* Frameworks */,
				3CE273DE22C4A0B300E9C496 /* Resources */,
			);
			buildRules = (
			);
			dependencies = (
				3CE273E222C4A0B300E9C496 /* PBXTargetDependency */,
			);
			name = ToolBoxTests;
			productName = ToolBoxTests;
			productReference = 3CE273E022C4A0B300E9C496 /* ToolBoxTests.xctest */;
			productType = "com.apple.product-type.bundle.unit-test";
		};
		3CE273EA22C4A0B300E9C496 /* ToolBoxUITests */ = {
			isa = PBXNativeTarget;
			buildConfigurationList = 3CE273FA22C4A0B300E9C496 /* Build configuration list for PBXNativeTarget "ToolBoxUITests" */;
			buildPhases = (
				3CE273E722C4A0B300E9C496 /* Sources */,
				3CE273E822C4A0B300E9C496 /* Frameworks */,
				3CE273E922C4A0B300E9C496 /* Resources */,
			);
			buildRules = (
			);
			dependencies = (
				3CE273ED22C4A0B300E9C496 /* PBXTargetDependency */,
			);
			name = ToolBoxUITests;
			productName = ToolBoxUITests;
			productReference = 3CE273EB22C4A0B300E9C496 /* ToolBoxUITests.xctest */;
			productType = "com.apple.product-type.bundle.ui-testing";
		};
/* End PBXNativeTarget section */

/* Begin PBXProject section */
		3CE273C022C4A0B100E9C496 /* Project object */ = {
			isa = PBXProject;
			attributes = {
				LastUpgradeCheck = 1020;
				ORGANIZATIONNAME = ZX;
				TargetAttributes = {
					3CE273C722C4A0B100E9C496 = {
						CreatedOnToolsVersion = 10.2.1;
					};
					3CE273DF22C4A0B300E9C496 = {
						CreatedOnToolsVersion = 10.2.1;
						TestTargetID = 3CE273C722C4A0B100E9C496;
					};
					3CE273EA22C4A0B300E9C496 = {
						CreatedOnToolsVersion = 10.2.1;
						TestTargetID = 3CE273C722C4A0B100E9C496;
					};
				};
			};
			buildConfigurationList = 3CE273C322C4A0B100E9C496 /* Build configuration list for PBXProject "ToolBox" */;
			compatibilityVersion = "Xcode 9.3";
			developmentRegion = en;
			hasScannedForEncodings = 0;
			knownRegions = (
				en,
				Base,
			);
			mainGroup = 3CE273BF22C4A0B100E9C496;
			productRefGroup = 3CE273C922C4A0B100E9C496 /* Products */;
			projectDirPath = "";
			projectRoot = "";
			targets = (
				3CE273C722C4A0B100E9C496 /* ToolBox */,
				3CE273DF22C4A0B300E9C496 /* ToolBoxTests */,
				3CE273EA22C4A0B300E9C496 /* ToolBoxUITests */,
			);
		};
/* End PBXProject section */

/* Begin PBXResourcesBuildPhase section */
		3CE273C622C4A0B100E9C496 /* Resources */ = {
			isa = PBXResourcesBuildPhase;
			buildActionMask = 2147483647;
			files = (
				3C29A87322D0912A00590932 /* ico_card_dragon.png in Resources */,
				3C29A87622D0912A00590932 /* ico_card_mouse.png in Resources */,
				3C29A88322D0912A00590932 /* ico_card_2.png in Resources */,
				3C29A87522D0912A00590932 /* ico_card_3.png in Resources */,
				3C29A88022D0912A00590932 /* ico_card_4.png in Resources */,
				3CE273D822C4A0B300E9C496 /* LaunchScreen.storyboard in Resources */,
				3C29A87822D0912A00590932 /* ico_card_rabbit.png in Resources */,
				3C29A87B22D0912A00590932 /* ico_card_5.png in Resources */,
				3C29A88122D0912A00590932 /* ico_card_cow.png in Resources */,
				3C29A87922D0912A00590932 /* ico_card_tiger.png in Resources */,
				3CE273D522C4A0B300E9C496 /* Assets.xcassets in Resources */,
				3C29A87E22D0912A00590932 /* ico_card_snake.png in Resources */,
				3C29A87F22D0912A00590932 /* ico_card_horse.png in Resources */,
				3C29A88222D0912A00590932 /* ico_card_dog.png in Resources */,
				3C29A87A22D0912A00590932 /* ico_card_1.png in Resources */,
				3CE273D322C4A0B100E9C496 /* Main.storyboard in Resources */,
				3C29A87D22D0912A00590932 /* ico_card_monkey.png in Resources */,
				3C29A87722D0912A00590932 /* ico_card_pig.png in Resources */,
				3C29A87422D0912A00590932 /* ico_card_chicken.png in Resources */,
				3C29A87C22D0912A00590932 /* ico_card_sheep.png in Resources */,
			);
			runOnlyForDeploymentPostprocessing = 0;
		};
		3CE273DE22C4A0B300E9C496 /* Resources */ = {
			isa = PBXResourcesBuildPhase;
			buildActionMask = 2147483647;
			files = (
			);
			runOnlyForDeploymentPostprocessing = 0;
		};
		3CE273E922C4A0B300E9C496 /* Resources */ = {
			isa = PBXResourcesBuildPhase;
			buildActionMask = 2147483647;
			files = (
			);
			runOnlyForDeploymentPostprocessing = 0;
		};
/* End PBXResourcesBuildPhase section */

/* Begin PBXShellScriptBuildPhase section */
		2E9C332F854C0CB1D849977C /* [CP] Check Pods Manifest.lock */ = {
			isa = PBXShellScriptBuildPhase;
			buildActionMask = 2147483647;
			files = (
			);
			inputPaths = (
				"${PODS_PODFILE_DIR_PATH}/Podfile.lock",
				"${PODS_ROOT}/Manifest.lock",
			);
			name = "[CP] Check Pods Manifest.lock";
			outputPaths = (
				"$(DERIVED_FILE_DIR)/Pods-ToolBox-checkManifestLockResult.txt",
			);
			runOnlyForDeploymentPostprocessing = 0;
			shellPath = /bin/sh;
			shellScript = "diff \"${PODS_PODFILE_DIR_PATH}/Podfile.lock\" \"${PODS_ROOT}/Manifest.lock\" > /dev/null\nif [ $? != 0 ] ; then\n    # print error to STDERR\n    echo \"error: The sandbox is not in sync with the Podfile.lock. Run 'pod install' or update your CocoaPods installation.\" >&2\n    exit 1\nfi\n# This output is used by Xcode 'outputs' to avoid re-running this script phase.\necho \"SUCCESS\" > \"${SCRIPT_OUTPUT_FILE_0}\"\n";
			showEnvVarsInLog = 0;
		};
		C1BFC8A50DD0DD4936251D7E /* [CP] Copy Pods Resources */ = {
			isa = PBXShellScriptBuildPhase;
			buildActionMask = 2147483647;
			files = (
			);
			inputPaths = (
				"${SRCROOT}/Pods/Target Support Files/Pods-ToolBox/Pods-ToolBox-resources.sh",
				"${PODS_ROOT}/BRPickerView/BRPickerView/AddressPickerView/BRPickerView.bundle",
				"${PODS_ROOT}/IQKeyboardManager/IQKeyboardManager/Resources/IQKeyboardManager.bundle",
				"${PODS_ROOT}/MJRefresh/MJRefresh/MJRefresh.bundle",
				"${PODS_ROOT}/SVProgressHUD/SVProgressHUD/SVProgressHUD.bundle",
			);
			name = "[CP] Copy Pods Resources";
			outputPaths = (
				"${TARGET_BUILD_DIR}/${UNLOCALIZED_RESOURCES_FOLDER_PATH}/BRPickerView.bundle",
				"${TARGET_BUILD_DIR}/${UNLOCALIZED_RESOURCES_FOLDER_PATH}/IQKeyboardManager.bundle",
				"${TARGET_BUILD_DIR}/${UNLOCALIZED_RESOURCES_FOLDER_PATH}/MJRefresh.bundle",
				"${TARGET_BUILD_DIR}/${UNLOCALIZED_RESOURCES_FOLDER_PATH}/SVProgressHUD.bundle",
			);
			runOnlyForDeploymentPostprocessing = 0;
			shellPath = /bin/sh;
			shellScript = "\"${SRCROOT}/Pods/Target Support Files/Pods-ToolBox/Pods-ToolBox-resources.sh\"\n";
			showEnvVarsInLog = 0;
		};
/* End PBXShellScriptBuildPhase section */

/* Begin PBXSourcesBuildPhase section */
		3CE273C422C4A0B100E9C496 /* Sources */ = {
			isa = PBXSourcesBuildPhase;
			buildActionMask = 2147483647;
			files = (
				3CE2741122C9EF3E00E9C496 /* TBToolBoxsViewController.m in Sources */,
				3CE2740B22C9D39000E9C496 /* TBLoverCodeViewModel.m in Sources */,
				3CE273DB22C4A0B300E9C496 /* main.m in Sources */,
				3CE2742322CB594F00E9C496 /* TBLoverCodeModel.m in Sources */,
				3CE2741A22CA048C00E9C496 /* TBToolBoxsCollectionViewCell.m in Sources */,
				3CE2740722C5E83900E9C496 /* TBLoverCodeViewController.m in Sources */,
				3C29A85C22CF511F00590932 /* TBZodiacCardCollectionViewCell.m in Sources */,
				3CE2741722CA039E00E9C496 /* TBToolBoxsViewModel.m in Sources */,
				3CE2741D22CB321800E9C496 /* TBSexSelectButton.m in Sources */,
				3C29A85F22D0897100590932 /* TBZodiacCardModel.m in Sources */,
				3CE2740E22C9DCA400E9C496 /* TBLoverCodeCollectionViewCell.m in Sources */,
				3C29A85622CF416C00590932 /* TBZodiacCardViewController.m in Sources */,
				3C29A85922CF41A100590932 /* TBZodiacCardViewModel.m in Sources */,
				3CE273CD22C4A0B100E9C496 /* AppDelegate.m in Sources */,
				3CE2742022CB32C000E9C496 /* TBBirthdaySelectButton.m in Sources */,
				3CE2741422C9F87400E9C496 /* TBBriefIntroductionView.m in Sources */,
			);
			runOnlyForDeploymentPostprocessing = 0;
		};
		3CE273DC22C4A0B300E9C496 /* Sources */ = {
			isa = PBXSourcesBuildPhase;
			buildActionMask = 2147483647;
			files = (
				3CE273E522C4A0B300E9C496 /* ToolBoxTests.m in Sources */,
			);
			runOnlyForDeploymentPostprocessing = 0;
		};
		3CE273E722C4A0B300E9C496 /* Sources */ = {
			isa = PBXSourcesBuildPhase;
			buildActionMask = 2147483647;
			files = (
				3CE273F022C4A0B300E9C496 /* ToolBoxUITests.m in Sources */,
			);
			runOnlyForDeploymentPostprocessing = 0;
		};
/* End PBXSourcesBuildPhase section */

/* Begin PBXTargetDependency section */
		3CE273E222C4A0B300E9C496 /* PBXTargetDependency */ = {
			isa = PBXTargetDependency;
			target = 3CE273C722C4A0B100E9C496 /* ToolBox */;
			targetProxy = 3CE273E122C4A0B300E9C496 /* PBXContainerItemProxy */;
		};
		3CE273ED22C4A0B300E9C496 /* PBXTargetDependency */ = {
			isa = PBXTargetDependency;
			target = 3CE273C722C4A0B100E9C496 /* ToolBox */;
			targetProxy = 3CE273EC22C4A0B300E9C496 /* PBXContainerItemProxy */;
		};
/* End PBXTargetDependency section */

/* Begin PBXVariantGroup section */
		3CE273D122C4A0B100E9C496 /* Main.storyboard */ = {
			isa = PBXVariantGroup;
			children = (
				3CE273D222C4A0B100E9C496 /* Base */,
			);
			name = Main.storyboard;
			sourceTree = "<group>";
		};
		3CE273D622C4A0B300E9C496 /* LaunchScreen.storyboard */ = {
			isa = PBXVariantGroup;
			children = (
				3CE273D722C4A0B300E9C496 /* Base */,
			);
			name = LaunchScreen.storyboard;
			sourceTree = "<group>";
		};
/* End PBXVariantGroup section */

/* Begin XCBuildConfiguration section */
		3CE273F222C4A0B300E9C496 /* Debug */ = {
			isa = XCBuildConfiguration;
			buildSettings = {
				ALWAYS_SEARCH_USER_PATHS = NO;
				CLANG_ANALYZER_NONNULL = YES;
				CLANG_ANALYZER_NUMBER_OBJECT_CONVERSION = YES_AGGRESSIVE;
				CLANG_CXX_LANGUAGE_STANDARD = "gnu++14";
				CLANG_CXX_LIBRARY = "libc++";
				CLANG_ENABLE_MODULES = YES;
				CLANG_ENABLE_OBJC_ARC = YES;
				CLANG_ENABLE_OBJC_WEAK = YES;
				CLANG_WARN_BLOCK_CAPTURE_AUTORELEASING = YES;
				CLANG_WARN_BOOL_CONVERSION = YES;
				CLANG_WARN_COMMA = YES;
				CLANG_WARN_CONSTANT_CONVERSION = YES;
				CLANG_WARN_DEPRECATED_OBJC_IMPLEMENTATIONS = YES;
				CLANG_WARN_DIRECT_OBJC_ISA_USAGE = YES_ERROR;
				CLANG_WARN_DOCUMENTATION_COMMENTS = YES;
				CLANG_WARN_EMPTY_BODY = YES;
				CLANG_WARN_ENUM_CONVERSION = YES;
				CLANG_WARN_INFINITE_RECURSION = YES;
				CLANG_WARN_INT_CONVERSION = YES;
				CLANG_WARN_NON_LITERAL_NULL_CONVERSION = YES;
				CLANG_WARN_OBJC_IMPLICIT_RETAIN_SELF = YES;
				CLANG_WARN_OBJC_LITERAL_CONVERSION = YES;
				CLANG_WARN_OBJC_ROOT_CLASS = YES_ERROR;
				CLANG_WARN_RANGE_LOOP_ANALYSIS = YES;
				CLANG_WARN_STRICT_PROTOTYPES = YES;
				CLANG_WARN_SUSPICIOUS_MOVE = YES;
				CLANG_WARN_UNGUARDED_AVAILABILITY = YES_AGGRESSIVE;
				CLANG_WARN_UNREACHABLE_CODE = YES;
				CLANG_WARN__DUPLICATE_METHOD_MATCH = YES;
				CODE_SIGN_IDENTITY = "iPhone Developer";
				COPY_PHASE_STRIP = NO;
				DEBUG_INFORMATION_FORMAT = dwarf;
				ENABLE_STRICT_OBJC_MSGSEND = YES;
				ENABLE_TESTABILITY = YES;
				GCC_C_LANGUAGE_STANDARD = gnu11;
				GCC_DYNAMIC_NO_PIC = NO;
				GCC_NO_COMMON_BLOCKS = YES;
				GCC_OPTIMIZATION_LEVEL = 0;
				GCC_PREPROCESSOR_DEFINITIONS = (
					"DEBUG=1",
					"$(inherited)",
				);
				GCC_WARN_64_TO_32_BIT_CONVERSION = YES;
				GCC_WARN_ABOUT_RETURN_TYPE = YES_ERROR;
				GCC_WARN_UNDECLARED_SELECTOR = YES;
				GCC_WARN_UNINITIALIZED_AUTOS = YES_AGGRESSIVE;
				GCC_WARN_UNUSED_FUNCTION = YES;
				GCC_WARN_UNUSED_VARIABLE = YES;
				IPHONEOS_DEPLOYMENT_TARGET = 12.2;
				MTL_ENABLE_DEBUG_INFO = INCLUDE_SOURCE;
				MTL_FAST_MATH = YES;
				ONLY_ACTIVE_ARCH = YES;
				SDKROOT = iphoneos;
			};
			name = Debug;
		};
		3CE273F322C4A0B300E9C496 /* Release */ = {
			isa = XCBuildConfiguration;
			buildSettings = {
				ALWAYS_SEARCH_USER_PATHS = NO;
				CLANG_ANALYZER_NONNULL = YES;
				CLANG_ANALYZER_NUMBER_OBJECT_CONVERSION = YES_AGGRESSIVE;
				CLANG_CXX_LANGUAGE_STANDARD = "gnu++14";
				CLANG_CXX_LIBRARY = "libc++";
				CLANG_ENABLE_MODULES = YES;
				CLANG_ENABLE_OBJC_ARC = YES;
				CLANG_ENABLE_OBJC_WEAK = YES;
				CLANG_WARN_BLOCK_CAPTURE_AUTORELEASING = YES;
				CLANG_WARN_BOOL_CONVERSION = YES;
				CLANG_WARN_COMMA = YES;
				CLANG_WARN_CONSTANT_CONVERSION = YES;
				CLANG_WARN_DEPRECATED_OBJC_IMPLEMENTATIONS = YES;
				CLANG_WARN_DIRECT_OBJC_ISA_USAGE = YES_ERROR;
				CLANG_WARN_DOCUMENTATION_COMMENTS = YES;
				CLANG_WARN_EMPTY_BODY = YES;
				CLANG_WARN_ENUM_CONVERSION = YES;
				CLANG_WARN_INFINITE_RECURSION = YES;
				CLANG_WARN_INT_CONVERSION = YES;
				CLANG_WARN_NON_LITERAL_NULL_CONVERSION = YES;
				CLANG_WARN_OBJC_IMPLICIT_RETAIN_SELF = YES;
				CLANG_WARN_OBJC_LITERAL_CONVERSION = YES;
				CLANG_WARN_OBJC_ROOT_CLASS = YES_ERROR;
				CLANG_WARN_RANGE_LOOP_ANALYSIS = YES;
				CLANG_WARN_STRICT_PROTOTYPES = YES;
				CLANG_WARN_SUSPICIOUS_MOVE = YES;
				CLANG_WARN_UNGUARDED_AVAILABILITY = YES_AGGRESSIVE;
				CLANG_WARN_UNREACHABLE_CODE = YES;
				CLANG_WARN__DUPLICATE_METHOD_MATCH = YES;
				CODE_SIGN_IDENTITY = "iPhone Developer";
				COPY_PHASE_STRIP = NO;
				DEBUG_INFORMATION_FORMAT = "dwarf-with-dsym";
				ENABLE_NS_ASSERTIONS = NO;
				ENABLE_STRICT_OBJC_MSGSEND = YES;
				GCC_C_LANGUAGE_STANDARD = gnu11;
				GCC_NO_COMMON_BLOCKS = YES;
				GCC_WARN_64_TO_32_BIT_CONVERSION = YES;
				GCC_WARN_ABOUT_RETURN_TYPE = YES_ERROR;
				GCC_WARN_UNDECLARED_SELECTOR = YES;
				GCC_WARN_UNINITIALIZED_AUTOS = YES_AGGRESSIVE;
				GCC_WARN_UNUSED_FUNCTION = YES;
				GCC_WARN_UNUSED_VARIABLE = YES;
				IPHONEOS_DEPLOYMENT_TARGET = 12.2;
				MTL_ENABLE_DEBUG_INFO = NO;
				MTL_FAST_MATH = YES;
				SDKROOT = iphoneos;
				VALIDATE_PRODUCT = YES;
			};
			name = Release;
		};
		3CE273F522C4A0B300E9C496 /* Debug */ = {
			isa = XCBuildConfiguration;
			baseConfigurationReference = B269C2C1105BB6958D387820 /* Pods-ToolBox.debug.xcconfig */;
			buildSettings = {
				ASSETCATALOG_COMPILER_APPICON_NAME = AppIcon;
				CODE_SIGN_STYLE = Automatic;
				DEVELOPMENT_TEAM = 484G6WE6BR;
				GCC_PREFIX_HEADER = "$(SRCROOT)/ToolBox/Resource/PrefixHeader.pch";
				INFOPLIST_FILE = ToolBox/Resource/Info.plist;
				LD_RUNPATH_SEARCH_PATHS = (
					"$(inherited)",
					"@executable_path/Frameworks",
				);
				PRODUCT_BUNDLE_IDENTIFIER = com.ZX.ToolBox;
				PRODUCT_NAME = "$(TARGET_NAME)";
				TARGETED_DEVICE_FAMILY = "1,2";
			};
			name = Debug;
		};
		3CE273F622C4A0B300E9C496 /* Release */ = {
			isa = XCBuildConfiguration;
			baseConfigurationReference = 4A758942E9D0DBA58C2FF8C3 /* Pods-ToolBox.release.xcconfig */;
			buildSettings = {
				ASSETCATALOG_COMPILER_APPICON_NAME = AppIcon;
				CODE_SIGN_STYLE = Automatic;
				DEVELOPMENT_TEAM = 484G6WE6BR;
				GCC_PREFIX_HEADER = "$(SRCROOT)/ToolBox/Resource/PrefixHeader.pch";
				INFOPLIST_FILE = ToolBox/Resource/Info.plist;
				LD_RUNPATH_SEARCH_PATHS = (
					"$(inherited)",
					"@executable_path/Frameworks",
				);
				PRODUCT_BUNDLE_IDENTIFIER = com.ZX.ToolBox;
				PRODUCT_NAME = "$(TARGET_NAME)";
				TARGETED_DEVICE_FAMILY = "1,2";
			};
			name = Release;
		};
		3CE273F822C4A0B300E9C496 /* Debug */ = {
			isa = XCBuildConfiguration;
			buildSettings = {
				BUNDLE_LOADER = "$(TEST_HOST)";
				CODE_SIGN_STYLE = Automatic;
				DEVELOPMENT_TEAM = 484G6WE6BR;
				INFOPLIST_FILE = ToolBoxTests/Info.plist;
				LD_RUNPATH_SEARCH_PATHS = (
					"$(inherited)",
					"@executable_path/Frameworks",
					"@loader_path/Frameworks",
				);
				PRODUCT_BUNDLE_IDENTIFIER = com.ZX.ToolBoxTests;
				PRODUCT_NAME = "$(TARGET_NAME)";
				TARGETED_DEVICE_FAMILY = "1,2";
				TEST_HOST = "$(BUILT_PRODUCTS_DIR)/ToolBox.app/ToolBox";
			};
			name = Debug;
		};
		3CE273F922C4A0B300E9C496 /* Release */ = {
			isa = XCBuildConfiguration;
			buildSettings = {
				BUNDLE_LOADER = "$(TEST_HOST)";
				CODE_SIGN_STYLE = Automatic;
				DEVELOPMENT_TEAM = 484G6WE6BR;
				INFOPLIST_FILE = ToolBoxTests/Info.plist;
				LD_RUNPATH_SEARCH_PATHS = (
					"$(inherited)",
					"@executable_path/Frameworks",
					"@loader_path/Frameworks",
				);
				PRODUCT_BUNDLE_IDENTIFIER = com.ZX.ToolBoxTests;
				PRODUCT_NAME = "$(TARGET_NAME)";
				TARGETED_DEVICE_FAMILY = "1,2";
				TEST_HOST = "$(BUILT_PRODUCTS_DIR)/ToolBox.app/ToolBox";
			};
			name = Release;
		};
		3CE273FB22C4A0B300E9C496 /* Debug */ = {
			isa = XCBuildConfiguration;
			buildSettings = {
				CODE_SIGN_STYLE = Automatic;
				DEVELOPMENT_TEAM = 484G6WE6BR;
				INFOPLIST_FILE = ToolBoxUITests/Info.plist;
				LD_RUNPATH_SEARCH_PATHS = (
					"$(inherited)",
					"@executable_path/Frameworks",
					"@loader_path/Frameworks",
				);
				PRODUCT_BUNDLE_IDENTIFIER = com.ZX.ToolBoxUITests;
				PRODUCT_NAME = "$(TARGET_NAME)";
				TARGETED_DEVICE_FAMILY = "1,2";
				TEST_TARGET_NAME = ToolBox;
			};
			name = Debug;
		};
		3CE273FC22C4A0B300E9C496 /* Release */ = {
			isa = XCBuildConfiguration;
			buildSettings = {
				CODE_SIGN_STYLE = Automatic;
				DEVELOPMENT_TEAM = 484G6WE6BR;
				INFOPLIST_FILE = ToolBoxUITests/Info.plist;
				LD_RUNPATH_SEARCH_PATHS = (
					"$(inherited)",
					"@executable_path/Frameworks",
					"@loader_path/Frameworks",
				);
				PRODUCT_BUNDLE_IDENTIFIER = com.ZX.ToolBoxUITests;
				PRODUCT_NAME = "$(TARGET_NAME)";
				TARGETED_DEVICE_FAMILY = "1,2";
				TEST_TARGET_NAME = ToolBox;
			};
			name = Release;
		};
/* End XCBuildConfiguration section */

/* Begin XCConfigurationList section */
		3CE273C322C4A0B100E9C496 /* Build configuration list for PBXProject "ToolBox" */ = {
			isa = XCConfigurationList;
			buildConfigurations = (
				3CE273F222C4A0B300E9C496 /* Debug */,
				3CE273F322C4A0B300E9C496 /* Release */,
			);
			defaultConfigurationIsVisible = 0;
			defaultConfigurationName = Release;
		};
		3CE273F422C4A0B300E9C496 /* Build configuration list for PBXNativeTarget "ToolBox" */ = {
			isa = XCConfigurationList;
			buildConfigurations = (
				3CE273F522C4A0B300E9C496 /* Debug */,
				3CE273F622C4A0B300E9C496 /* Release */,
			);
			defaultConfigurationIsVisible = 0;
			defaultConfigurationName = Release;
		};
		3CE273F722C4A0B300E9C496 /* Build configuration list for PBXNativeTarget "ToolBoxTests" */ = {
			isa = XCConfigurationList;
			buildConfigurations = (
				3CE273F822C4A0B300E9C496 /* Debug */,
				3CE273F922C4A0B300E9C496 /* Release */,
			);
			defaultConfigurationIsVisible = 0;
			defaultConfigurationName = Release;
		};
		3CE273FA22C4A0B300E9C496 /* Build configuration list for PBXNativeTarget "ToolBoxUITests" */ = {
			isa = XCConfigurationList;
			buildConfigurations = (
				3CE273FB22C4A0B300E9C496 /* Debug */,
				3CE273FC22C4A0B300E9C496 /* Release */,
			);
			defaultConfigurationIsVisible = 0;
			defaultConfigurationName = Release;
		};
/* End XCConfigurationList section */
	};
	rootObject = 3CE273C022C4A0B100E9C496 /* Project object */;
}
